
Microsoft Visual Studio Solution File, Format Version 12.00
# Visual Studio 15
VisualStudioVersion = 15.0.27428.1
MinimumVisualStudioVersion = 10.0.40219.1
Project("{DA7A21FA-8162-4350-AD77-A8D1B671F3ED}") = "Lab Practical3", "Lab Practical3\Lab Practical3.rxproj", "{1E549F6B-0958-43E4-8358-4F3D75D367AF}"
EndProject
Global
	GlobalSection(SolutionConfigurationPlatforms) = preSolution
		Debug|Any CPU = Debug|Any CPU
		Release|Any CPU = Release|Any CPU
	EndGlobalSection
	GlobalSection(ProjectConfigurationPlatforms) = postSolution
		{1E549F6B-0958-43E4-8358-4F3D75D367AF}.Debug|Any CPU.ActiveCfg = Debug|Any CPU
		{1E549F6B-0958-43E4-8358-4F3D75D367AF}.Debug|Any CPU.Build.0 = Debug|Any CPU
		{1E549F6B-0958-43E4-8358-4F3D75D367AF}.Release|Any CPU.ActiveCfg = Release|Any CPU
		{1E549F6B-0958-43E4-8358-4F3D75D367AF}.Release|Any CPU.Build.0 = Release|Any CPU
	EndGlobalSection
	GlobalSection(SolutionProperties) = preSolution
		HideSolutionNode = FALSE
	EndGlobalSection
	GlobalSection(ExtensibilityGlobals) = postSolution
		SolutionGuid = {B7A2C290-F4BC-4529-819A-FFD7125DF36B}
	EndGlobalSection
EndGlobal
